
Microsoft Visual Studio Solution File, Format Version 12.00
# Visual Studio 14
VisualStudioVersion = 14.0.25420.1
MinimumVisualStudioVersion = 10.0.40219.1
Project("{FAE04EC0-301F-11D3-BF4B-00C04F79EFBC}") = "altinsofra", "altinsofra\altinsofra.csproj", "{68705215-7F60-4A65-A419-EDE6DF2426CF}"
EndProject
Project("{FAE04EC0-301F-11D3-BF4B-00C04F79EFBC}") = "ConsoleApplication1", "ConsoleApplication1\ConsoleApplication1.csproj", "{5D9533AF-8AFC-42C8-85D6-21BBC1A09B06}"
EndProject
Global
	GlobalSection(SolutionConfigurationPlatforms) = preSolution
		Debug|Any CPU = Debug|Any CPU
		Release|Any CPU = Release|Any CPU
	EndGlobalSection
	GlobalSection(ProjectConfigurationPlatforms) = postSolution
		{68705215-7F60-4A65-A419-EDE6DF2426CF}.Debug|Any CPU.ActiveCfg = Debug|Any CPU
		{68705215-7F60-4A65-A419-EDE6DF2426CF}.Debug|Any CPU.Build.0 = Debug|Any CPU
		{68705215-7F60-4A65-A419-EDE6DF2426CF}.Release|Any CPU.ActiveCfg = Release|Any CPU
		{68705215-7F60-4A65-A419-EDE6DF2426CF}.Release|Any CPU.Build.0 = Release|Any CPU
		{5D9533AF-8AFC-42C8-85D6-21BBC1A09B06}.Debug|Any CPU.ActiveCfg = Debug|Any CPU
		{5D9533AF-8AFC-42C8-85D6-21BBC1A09B06}.Debug|Any CPU.Build.0 = Debug|Any CPU
		{5D9533AF-8AFC-42C8-85D6-21BBC1A09B06}.Release|Any CPU.ActiveCfg = Release|Any CPU
		{5D9533AF-8AFC-42C8-85D6-21BBC1A09B06}.Release|Any CPU.Build.0 = Release|Any CPU
	EndGlobalSection
	GlobalSection(SolutionProperties) = preSolution
		HideSolutionNode = FALSE
	EndGlobalSection
EndGlobal
